
Microsoft Visual Studio Solution File, Format Version 12.00
# Visual Studio Version 16
VisualStudioVersion = 16.0.29911.84
MinimumVisualStudioVersion = 10.0.40219.1
Project("{FAE04EC0-301F-11D3-BF4B-00C04F79EFBC}") = "ConsoleHello", "ConsoleHello\ConsoleHello.csproj", "{B81DC6C4-3C58-475B-9F02-6A16CC3105FF}"
EndProject
Global
	GlobalSection(SolutionConfigurationPlatforms) = preSolution
		Debug|Any CPU = Debug|Any CPU
		Release|Any CPU = Release|Any CPU
	EndGlobalSection
	GlobalSection(ProjectConfigurationPlatforms) = postSolution
		{B81DC6C4-3C58-475B-9F02-6A16CC3105FF}.Debug|Any CPU.ActiveCfg = Debug|Any CPU
		{B81DC6C4-3C58-475B-9F02-6A16CC3105FF}.Debug|Any CPU.Build.0 = Debug|Any CPU
		{B81DC6C4-3C58-475B-9F02-6A16CC3105FF}.Release|Any CPU.ActiveCfg = Release|Any CPU
		{B81DC6C4-3C58-475B-9F02-6A16CC3105FF}.Release|Any CPU.Build.0 = Release|Any CPU
	EndGlobalSection
	GlobalSection(SolutionProperties) = preSolution
		HideSolutionNode = FALSE
	EndGlobalSection
	GlobalSection(ExtensibilityGlobals) = postSolution
		SolutionGuid = {380F8FDA-A44D-4654-9A64-AD4E7A9C048B}
	EndGlobalSection
EndGlobal
